
Microsoft Visual Studio Solution File, Format Version 11.00
# Visual Studio 2010
Project("{FAE04EC0-301F-11D3-BF4B-00C04F79EFBC}") = "MinerT-Fresh", "MinerT-Fresh\MinerT-Fresh.csproj", "{A73F41A4-BD96-4106-AF5E-E6BA5D76F870}"
EndProject
Project("{FAE04EC0-301F-11D3-BF4B-00C04F79EFBC}") = "AutoUpdater.NET", "AutoUpdater.NET\trunk\AutoUpdater.NET\AutoUpdater.NET.csproj", "{FB9E7E6B-B19F-4F37-A708-2996190CEF13}"
EndProject
Project("{FAE04EC0-301F-11D3-BF4B-00C04F79EFBC}") = "UpdateBootstrapper", "UpdateBootstraper\UpdateBootstrapper.csproj", "{C7661B6B-FBD8-404E-A65D-DB724AFB9079}"
EndProject
Global
	GlobalSection(SolutionConfigurationPlatforms) = preSolution
		Debug|Any CPU = Debug|Any CPU
		Debug|Mixed Platforms = Debug|Mixed Platforms
		Debug|x86 = Debug|x86
		Release|Any CPU = Release|Any CPU
		Release|Mixed Platforms = Release|Mixed Platforms
		Release|x86 = Release|x86
	EndGlobalSection
	GlobalSection(ProjectConfigurationPlatforms) = postSolution
		{A73F41A4-BD96-4106-AF5E-E6BA5D76F870}.Debug|Any CPU.ActiveCfg = Debug|x86
		{A73F41A4-BD96-4106-AF5E-E6BA5D76F870}.Debug|Mixed Platforms.ActiveCfg = Debug|x86
		{A73F41A4-BD96-4106-AF5E-E6BA5D76F870}.Debug|Mixed Platforms.Build.0 = Debug|x86
		{A73F41A4-BD96-4106-AF5E-E6BA5D76F870}.Debug|x86.ActiveCfg = Debug|x86
		{A73F41A4-BD96-4106-AF5E-E6BA5D76F870}.Debug|x86.Build.0 = Debug|x86
		{A73F41A4-BD96-4106-AF5E-E6BA5D76F870}.Release|Any CPU.ActiveCfg = Release|x86
		{A73F41A4-BD96-4106-AF5E-E6BA5D76F870}.Release|Mixed Platforms.ActiveCfg = Release|x86
		{A73F41A4-BD96-4106-AF5E-E6BA5D76F870}.Release|Mixed Platforms.Build.0 = Release|x86
		{A73F41A4-BD96-4106-AF5E-E6BA5D76F870}.Release|x86.ActiveCfg = Release|x86
		{A73F41A4-BD96-4106-AF5E-E6BA5D76F870}.Release|x86.Build.0 = Release|x86
		{FB9E7E6B-B19F-4F37-A708-2996190CEF13}.Debug|Any CPU.ActiveCfg = Debug|Any CPU
		{FB9E7E6B-B19F-4F37-A708-2996190CEF13}.Debug|Any CPU.Build.0 = Debug|Any CPU
		{FB9E7E6B-B19F-4F37-A708-2996190CEF13}.Debug|Mixed Platforms.ActiveCfg = Debug|Any CPU
		{FB9E7E6B-B19F-4F37-A708-2996190CEF13}.Debug|Mixed Platforms.Build.0 = Debug|Any CPU
		{FB9E7E6B-B19F-4F37-A708-2996190CEF13}.Debug|x86.ActiveCfg = Debug|Any CPU
		{FB9E7E6B-B19F-4F37-A708-2996190CEF13}.Release|Any CPU.ActiveCfg = Release|Any CPU
		{FB9E7E6B-B19F-4F37-A708-2996190CEF13}.Release|Any CPU.Build.0 = Release|Any CPU
		{FB9E7E6B-B19F-4F37-A708-2996190CEF13}.Release|Mixed Platforms.ActiveCfg = Release|Any CPU
		{FB9E7E6B-B19F-4F37-A708-2996190CEF13}.Release|Mixed Platforms.Build.0 = Release|Any CPU
		{FB9E7E6B-B19F-4F37-A708-2996190CEF13}.Release|x86.ActiveCfg = Release|Any CPU
		{C7661B6B-FBD8-404E-A65D-DB724AFB9079}.Debug|Any CPU.ActiveCfg = Debug|x86
		{C7661B6B-FBD8-404E-A65D-DB724AFB9079}.Debug|Mixed Platforms.ActiveCfg = Debug|x86
		{C7661B6B-FBD8-404E-A65D-DB724AFB9079}.Debug|Mixed Platforms.Build.0 = Debug|x86
		{C7661B6B-FBD8-404E-A65D-DB724AFB9079}.Debug|x86.ActiveCfg = Debug|x86
		{C7661B6B-FBD8-404E-A65D-DB724AFB9079}.Debug|x86.Build.0 = Debug|x86
		{C7661B6B-FBD8-404E-A65D-DB724AFB9079}.Release|Any CPU.ActiveCfg = Release|x86
		{C7661B6B-FBD8-404E-A65D-DB724AFB9079}.Release|Mixed Platforms.ActiveCfg = Release|x86
		{C7661B6B-FBD8-404E-A65D-DB724AFB9079}.Release|Mixed Platforms.Build.0 = Release|x86
		{C7661B6B-FBD8-404E-A65D-DB724AFB9079}.Release|x86.ActiveCfg = Release|x86
		{C7661B6B-FBD8-404E-A65D-DB724AFB9079}.Release|x86.Build.0 = Release|x86
	EndGlobalSection
	GlobalSection(SolutionProperties) = preSolution
		HideSolutionNode = FALSE
	EndGlobalSection
EndGlobal
